# This file is automatically @generated by Poetry 1.5.4 and should not be changed by hand.

[[package]]
name = "pythonds"
version = "1.2.1"
description = "Data structures package for Problem Solving with Algorithms and Data Structures using Python"
optional = false
python-versions = "*"
files = [
    {file = "pythonds-1.2.1-py3-none-any.whl", hash = "sha256:623fd83857ff97718b248d01c333d30d4649ebc7b4fdc795b4357d74003e890f"},
    {file = "pythonds-1.2.1.tar.gz", hash = "sha256:69189b559f006699d08bcbb43f78201b0c16ec2a400516165b5be88a39594373"},
]

[metadata]
lock-version = "2.0"
python-versions = "^3.10"
content-hash = "cb95d82c065d9db9d3fa6af128f4c53350d88f34e18d47a417385447a9714a84"
